
Microsoft Visual Studio Solution File, Format Version 12.00
# Visual Studio 2013
VisualStudioVersion = 12.0.30501.0
MinimumVisualStudioVersion = 10.0.40219.1
Project("{FAE04EC0-301F-11D3-BF4B-00C04F79EFBC}") = "MyRestfullApp", "MyRestfullApp\MyRestfullApp.csproj", "{6A9911C6-3FD0-4FCE-8A55-33F9959F03A0}"
EndProject
Project("{FAE04EC0-301F-11D3-BF4B-00C04F79EFBC}") = "MyRestfullApp.Tests", "MyRestfullApp.Tests\MyRestfullApp.Tests.csproj", "{BC5562B9-2B2A-4FC3-8134-5F10A7F67C7F}"
EndProject
Project("{FAE04EC0-301F-11D3-BF4B-00C04F79EFBC}") = "Data", "Data\Data.csproj", "{6840DAD2-A4EB-4A77-B00D-FA6E69A0C9BF}"
EndProject
Global
	GlobalSection(SolutionConfigurationPlatforms) = preSolution
		Debug|Any CPU = Debug|Any CPU
		Release|Any CPU = Release|Any CPU
	EndGlobalSection
	GlobalSection(ProjectConfigurationPlatforms) = postSolution
		{6A9911C6-3FD0-4FCE-8A55-33F9959F03A0}.Debug|Any CPU.ActiveCfg = Debug|Any CPU
		{6A9911C6-3FD0-4FCE-8A55-33F9959F03A0}.Debug|Any CPU.Build.0 = Debug|Any CPU
		{6A9911C6-3FD0-4FCE-8A55-33F9959F03A0}.Release|Any CPU.ActiveCfg = Release|Any CPU
		{6A9911C6-3FD0-4FCE-8A55-33F9959F03A0}.Release|Any CPU.Build.0 = Release|Any CPU
		{BC5562B9-2B2A-4FC3-8134-5F10A7F67C7F}.Debug|Any CPU.ActiveCfg = Debug|Any CPU
		{BC5562B9-2B2A-4FC3-8134-5F10A7F67C7F}.Debug|Any CPU.Build.0 = Debug|Any CPU
		{BC5562B9-2B2A-4FC3-8134-5F10A7F67C7F}.Release|Any CPU.ActiveCfg = Release|Any CPU
		{BC5562B9-2B2A-4FC3-8134-5F10A7F67C7F}.Release|Any CPU.Build.0 = Release|Any CPU
		{6840DAD2-A4EB-4A77-B00D-FA6E69A0C9BF}.Debug|Any CPU.ActiveCfg = Debug|Any CPU
		{6840DAD2-A4EB-4A77-B00D-FA6E69A0C9BF}.Debug|Any CPU.Build.0 = Debug|Any CPU
		{6840DAD2-A4EB-4A77-B00D-FA6E69A0C9BF}.Release|Any CPU.ActiveCfg = Release|Any CPU
		{6840DAD2-A4EB-4A77-B00D-FA6E69A0C9BF}.Release|Any CPU.Build.0 = Release|Any CPU
	EndGlobalSection
	GlobalSection(SolutionProperties) = preSolution
		HideSolutionNode = FALSE
	EndGlobalSection
EndGlobal
